# This file is automatically @generated by Cargo.
# It is not intended for manual editing.
version = 4

[[package]]
name = "ime-converter"
version = "0.1.0"

[[package]]
name = "ime-core"
version = "0.1.0"
dependencies = [
 "ime-converter",
 "ime-romaji",
]

[[package]]
name = "ime-ffi"
version = "0.1.0"
dependencies = [
 "ime-core",
]

[[package]]
name = "ime-romaji"
version = "0.1.0"
